
Microsoft Visual Studio Solution File, Format Version 12.00
# Visual Studio Version 17
VisualStudioVersion = 17.6.33829.357
MinimumVisualStudioVersion = 10.0.40219.1
Project("{FAE04EC0-301F-11D3-BF4B-00C04F79EFBC}") = "EjercicioAplicandoCondicionales", "EjercicioAplicandoCondicionales\EjercicioAplicandoCondicionales.csproj", "{B403C3B0-0C5F-4ACC-9554-25914A40A3E2}"
EndProject
Global
	GlobalSection(SolutionConfigurationPlatforms) = preSolution
		Debug|Any CPU = Debug|Any CPU
		Release|Any CPU = Release|Any CPU
	EndGlobalSection
	GlobalSection(ProjectConfigurationPlatforms) = postSolution
		{B403C3B0-0C5F-4ACC-9554-25914A40A3E2}.Debug|Any CPU.ActiveCfg = Debug|Any CPU
		{B403C3B0-0C5F-4ACC-9554-25914A40A3E2}.Debug|Any CPU.Build.0 = Debug|Any CPU
		{B403C3B0-0C5F-4ACC-9554-25914A40A3E2}.Release|Any CPU.ActiveCfg = Release|Any CPU
		{B403C3B0-0C5F-4ACC-9554-25914A40A3E2}.Release|Any CPU.Build.0 = Release|Any CPU
	EndGlobalSection
	GlobalSection(SolutionProperties) = preSolution
		HideSolutionNode = FALSE
	EndGlobalSection
	GlobalSection(ExtensibilityGlobals) = postSolution
		SolutionGuid = {A3B6B954-C67B-46A2-A40C-D250CBB09FD3}
	EndGlobalSection
EndGlobal
